
Microsoft Visual Studio Solution File, Format Version 12.00
# Visual Studio Version 16
VisualStudioVersion = 16.0.31613.86
MinimumVisualStudioVersion = 10.0.40219.1
Project("{8BC9CEB8-8B4A-11D0-8D11-00A0C91BC942}") = "simple_factory", "simple_factory.vcxproj", "{CF431D53-00D8-4D4A-8F85-4302BA278234}"
EndProject
Global
	GlobalSection(SolutionConfigurationPlatforms) = preSolution
		Debug|x64 = Debug|x64
		Debug|x86 = Debug|x86
		Release|x64 = Release|x64
		Release|x86 = Release|x86
	EndGlobalSection
	GlobalSection(ProjectConfigurationPlatforms) = postSolution
		{CF431D53-00D8-4D4A-8F85-4302BA278234}.Debug|x64.ActiveCfg = Debug|x64
		{CF431D53-00D8-4D4A-8F85-4302BA278234}.Debug|x64.Build.0 = Debug|x64
		{CF431D53-00D8-4D4A-8F85-4302BA278234}.Debug|x86.ActiveCfg = Debug|Win32
		{CF431D53-00D8-4D4A-8F85-4302BA278234}.Debug|x86.Build.0 = Debug|Win32
		{CF431D53-00D8-4D4A-8F85-4302BA278234}.Release|x64.ActiveCfg = Release|x64
		{CF431D53-00D8-4D4A-8F85-4302BA278234}.Release|x64.Build.0 = Release|x64
		{CF431D53-00D8-4D4A-8F85-4302BA278234}.Release|x86.ActiveCfg = Release|Win32
		{CF431D53-00D8-4D4A-8F85-4302BA278234}.Release|x86.Build.0 = Release|Win32
	EndGlobalSection
	GlobalSection(SolutionProperties) = preSolution
		HideSolutionNode = FALSE
	EndGlobalSection
	GlobalSection(ExtensibilityGlobals) = postSolution
		SolutionGuid = {26F9F6DE-7F57-420B-A812-E5B99EADBA7F}
	EndGlobalSection
EndGlobal
